// !$*UTF8*$!
{
	archiveVersion = 1;
	classes = {
	};
	objectVersion = 50;
	objects = {

/* Begin PBXBuildFile section */
		6F133025226101480097885B /* SocketIO.framework in Frameworks */ = {isa = PBXBuildFile; fileRef = 6F133024226101480097885B /* SocketIO.framework */; };
		6F133026226101480097885B /* SocketIO.framework in Embed Frameworks */ = {isa = PBXBuildFile; fileRef = 6F133024226101480097885B /* SocketIO.framework */; settings = {ATTRIBUTES = (CodeSignOnCopy, RemoveHeadersOnCopy, ); }; };
		6F133029226101510097885B /* Starscream.framework in Frameworks */ = {isa = PBXBuildFile; fileRef = 6F133028226101510097885B /* Starscream.framework */; };
		6F13302A226101510097885B /* Starscream.framework in Embed Frameworks */ = {isa = PBXBuildFile; fileRef = 6F133028226101510097885B /* Starscream.framework */; settings = {ATTRIBUTES = (CodeSignOnCopy, RemoveHeadersOnCopy, ); }; };
		6F13302D2261019D0097885B /* SocketIO.framework.dSYM in CopyFiles */ = {isa = PBXBuildFile; fileRef = 6F13302C2261019D0097885B /* SocketIO.framework.dSYM */; };
		6F13302F226101A60097885B /* Starscream.framework.dSYM in CopyFiles */ = {isa = PBXBuildFile; fileRef = 6F13302E226101A60097885B /* Starscream.framework.dSYM */; };
		6F133034226265040097885B /* SocketIOManager.swift in Sources */ = {isa = PBXBuildFile; fileRef = 6F133033226265040097885B /* SocketIOManager.swift */; };
		6F133036226265E70097885B /* Config.swift in Sources */ = {isa = PBXBuildFile; fileRef = 6F133035226265E70097885B /* Config.swift */; };
		6F133038226F67780097885B /* Command.swift in Sources */ = {isa = PBXBuildFile; fileRef = 6F133037226F67780097885B /* Command.swift */; };
		6F13303C226F6F060097885B /* Spaceship.swift in Sources */ = {isa = PBXBuildFile; fileRef = 6F13303B226F6F060097885B /* Spaceship.swift */; };
		6F13303F226F71FB0097885B /* Player.swift in Sources */ = {isa = PBXBuildFile; fileRef = 6F13303E226F71FB0097885B /* Player.swift */; };
		6F133044226F7B5A0097885B /* GameManager.swift in Sources */ = {isa = PBXBuildFile; fileRef = 6F133043226F7B5A0097885B /* GameManager.swift */; };
		6F133047226F8D610097885B /* Enums.swift in Sources */ = {isa = PBXBuildFile; fileRef = 6F133046226F8D610097885B /* Enums.swift */; };
		6F13304A226F8EF70097885B /* Instantiate.swift in Sources */ = {isa = PBXBuildFile; fileRef = 6F133049226F8EF70097885B /* Instantiate.swift */; };
		6F13304C226F984D0097885B /* NetworkManager.swift in Sources */ = {isa = PBXBuildFile; fileRef = 6F13304B226F984D0097885B /* NetworkManager.swift */; };
		6F13304E226F99890097885B /* NetworkTransform.swift in Sources */ = {isa = PBXBuildFile; fileRef = 6F13304D226F99890097885B /* NetworkTransform.swift */; };
		6F133052226F9CE80097885B /* GameManagerDelegate.swift in Sources */ = {isa = PBXBuildFile; fileRef = 6F133051226F9CE80097885B /* GameManagerDelegate.swift */; };
		6F133054226F9D850097885B /* NetworkObject.swift in Sources */ = {isa = PBXBuildFile; fileRef = 6F133053226F9D850097885B /* NetworkObject.swift */; };
		6F1BE64E2280BCBB00BBD68D /* Hit.swift in Sources */ = {isa = PBXBuildFile; fileRef = 6F1BE64D2280BCBB00BBD68D /* Hit.swift */; };
		6F1BE6502280D31700BBD68D /* GameSceneDelegate.swift in Sources */ = {isa = PBXBuildFile; fileRef = 6F1BE64F2280D31700BBD68D /* GameSceneDelegate.swift */; };
		6F3089EE22601D4200877AFB /* AppDelegate.swift in Sources */ = {isa = PBXBuildFile; fileRef = 6F3089ED22601D4200877AFB /* AppDelegate.swift */; };
		6F3089F022601D4200877AFB /* GameScene.sks in Resources */ = {isa = PBXBuildFile; fileRef = 6F3089EF22601D4200877AFB /* GameScene.sks */; };
		6F3089F222601D4200877AFB /* Actions.sks in Resources */ = {isa = PBXBuildFile; fileRef = 6F3089F122601D4200877AFB /* Actions.sks */; };
		6F3089F422601D4200877AFB /* GameScene.swift in Sources */ = {isa = PBXBuildFile; fileRef = 6F3089F322601D4200877AFB /* GameScene.swift */; };
		6F3089F622601D4200877AFB /* GameViewController.swift in Sources */ = {isa = PBXBuildFile; fileRef = 6F3089F522601D4200877AFB /* GameViewController.swift */; };
		6F3089F922601D4200877AFB /* Main.storyboard in Resources */ = {isa = PBXBuildFile; fileRef = 6F3089F722601D4200877AFB /* Main.storyboard */; };
		6F3089FB22601D4400877AFB /* Assets.xcassets in Resources */ = {isa = PBXBuildFile; fileRef = 6F3089FA22601D4400877AFB /* Assets.xcassets */; };
		6F3089FE22601D4400877AFB /* LaunchScreen.storyboard in Resources */ = {isa = PBXBuildFile; fileRef = 6F3089FC22601D4400877AFB /* LaunchScreen.storyboard */; };
		6F53E8AF2270B483002F92A1 /* Joystick.swift in Sources */ = {isa = PBXBuildFile; fileRef = 6F53E8AE2270B483002F92A1 /* Joystick.swift */; };
		6F53E8B22270CCF3002F92A1 /* Extensions.swift in Sources */ = {isa = PBXBuildFile; fileRef = 6F53E8B12270CCF3002F92A1 /* Extensions.swift */; };
		6F53E8B62270FFF9002F92A1 /* CommandBuffer.swift in Sources */ = {isa = PBXBuildFile; fileRef = 6F53E8B52270FFF9002F92A1 /* CommandBuffer.swift */; };
		6F53E8B822711240002F92A1 /* Event.swift in Sources */ = {isa = PBXBuildFile; fileRef = 6F53E8B722711240002F92A1 /* Event.swift */; };
		D276F5BD227F8BA30005ACFC /* LargeAsteroid.swift in Sources */ = {isa = PBXBuildFile; fileRef = D276F5BC227F8BA30005ACFC /* LargeAsteroid.swift */; };
		D294CA58227E10B500FE9831 /* Laser.swift in Sources */ = {isa = PBXBuildFile; fileRef = D294CA57227E10B500FE9831 /* Laser.swift */; };
/* End PBXBuildFile section */

/* Begin PBXCopyFilesBuildPhase section */
		6F133027226101480097885B /* Embed Frameworks */ = {
			isa = PBXCopyFilesBuildPhase;
			buildActionMask = 2147483647;
			dstPath = "";
			dstSubfolderSpec = 10;
			files = (
				6F133026226101480097885B /* SocketIO.framework in Embed Frameworks */,
				6F13302A226101510097885B /* Starscream.framework in Embed Frameworks */,
			);
			name = "Embed Frameworks";
			runOnlyForDeploymentPostprocessing = 0;
		};
		6F13302B226101730097885B /* CopyFiles */ = {
			isa = PBXCopyFilesBuildPhase;
			buildActionMask = 2147483647;
			dstPath = "";
			dstSubfolderSpec = 16;
			files = (
				6F13302D2261019D0097885B /* SocketIO.framework.dSYM in CopyFiles */,
				6F13302F226101A60097885B /* Starscream.framework.dSYM in CopyFiles */,
			);
			runOnlyForDeploymentPostprocessing = 0;
		};
/* End PBXCopyFilesBuildPhase section */

/* Begin PBXFileReference section */
		6F133024226101480097885B /* SocketIO.framework */ = {isa = PBXFileReference; lastKnownFileType = wrapper.framework; name = SocketIO.framework; path = Carthage/Build/iOS/SocketIO.framework; sourceTree = "<group>"; };
		6F133028226101510097885B /* Starscream.framework */ = {isa = PBXFileReference; lastKnownFileType = wrapper.framework; name = Starscream.framework; path = Carthage/Build/iOS/Starscream.framework; sourceTree = "<group>"; };
		6F13302C2261019D0097885B /* SocketIO.framework.dSYM */ = {isa = PBXFileReference; lastKnownFileType = wrapper.dsym; name = SocketIO.framework.dSYM; path = Carthage/Build/iOS/SocketIO.framework.dSYM; sourceTree = "<group>"; };
		6F13302E226101A60097885B /* Starscream.framework.dSYM */ = {isa = PBXFileReference; lastKnownFileType = wrapper.dsym; name = Starscream.framework.dSYM; path = Carthage/Build/iOS/Starscream.framework.dSYM; sourceTree = "<group>"; };
		6F133033226265040097885B /* SocketIOManager.swift */ = {isa = PBXFileReference; lastKnownFileType = sourcecode.swift; name = SocketIOManager.swift; path = Asteroids.io/SocketIOManager.swift; sourceTree = SOURCE_ROOT; };
		6F133035226265E70097885B /* Config.swift */ = {isa = PBXFileReference; lastKnownFileType = sourcecode.swift; path = Config.swift; sourceTree = "<group>"; };
		6F133037226F67780097885B /* Command.swift */ = {isa = PBXFileReference; lastKnownFileType = sourcecode.swift; name = Command.swift; path = Asteroids.io/Command.swift; sourceTree = SOURCE_ROOT; };
		6F13303B226F6F060097885B /* Spaceship.swift */ = {isa = PBXFileReference; lastKnownFileType = sourcecode.swift; path = Spaceship.swift; sourceTree = "<group>"; };
		6F13303E226F71FB0097885B /* Player.swift */ = {isa = PBXFileReference; lastKnownFileType = sourcecode.swift; path = Player.swift; sourceTree = "<group>"; };
		6F133043226F7B5A0097885B /* GameManager.swift */ = {isa = PBXFileReference; lastKnownFileType = sourcecode.swift; name = GameManager.swift; path = Asteroids.io/GameManager.swift; sourceTree = SOURCE_ROOT; };
		6F133046226F8D610097885B /* Enums.swift */ = {isa = PBXFileReference; lastKnownFileType = sourcecode.swift; path = Enums.swift; sourceTree = "<group>"; };
		6F133049226F8EF70097885B /* Instantiate.swift */ = {isa = PBXFileReference; lastKnownFileType = sourcecode.swift; path = Instantiate.swift; sourceTree = "<group>"; };
		6F13304B226F984D0097885B /* NetworkManager.swift */ = {isa = PBXFileReference; lastKnownFileType = sourcecode.swift; name = NetworkManager.swift; path = Asteroids.io/NetworkManager.swift; sourceTree = SOURCE_ROOT; };
		6F13304D226F99890097885B /* NetworkTransform.swift */ = {isa = PBXFileReference; lastKnownFileType = sourcecode.swift; name = NetworkTransform.swift; path = Asteroids.io/NetworkTransform.swift; sourceTree = SOURCE_ROOT; };
		6F133051226F9CE80097885B /* GameManagerDelegate.swift */ = {isa = PBXFileReference; lastKnownFileType = sourcecode.swift; path = GameManagerDelegate.swift; sourceTree = "<group>"; };
		6F133053226F9D850097885B /* NetworkObject.swift */ = {isa = PBXFileReference; lastKnownFileType = sourcecode.swift; path = NetworkObject.swift; sourceTree = "<group>"; };
		6F1BE64D2280BCBB00BBD68D /* Hit.swift */ = {isa = PBXFileReference; lastKnownFileType = sourcecode.swift; path = Hit.swift; sourceTree = "<group>"; };
		6F1BE64F2280D31700BBD68D /* GameSceneDelegate.swift */ = {isa = PBXFileReference; lastKnownFileType = sourcecode.swift; path = GameSceneDelegate.swift; sourceTree = "<group>"; };
		6F3089EA22601D4200877AFB /* Asteroids.io.app */ = {isa = PBXFileReference; explicitFileType = wrapper.application; includeInIndex = 0; path = Asteroids.io.app; sourceTree = BUILT_PRODUCTS_DIR; };
		6F3089ED22601D4200877AFB /* AppDelegate.swift */ = {isa = PBXFileReference; lastKnownFileType = sourcecode.swift; path = AppDelegate.swift; sourceTree = "<group>"; };
		6F3089EF22601D4200877AFB /* GameScene.sks */ = {isa = PBXFileReference; lastKnownFileType = file.sks; path = GameScene.sks; sourceTree = "<group>"; };
		6F3089F122601D4200877AFB /* Actions.sks */ = {isa = PBXFileReference; lastKnownFileType = file.sks; path = Actions.sks; sourceTree = "<group>"; };
		6F3089F322601D4200877AFB /* GameScene.swift */ = {isa = PBXFileReference; lastKnownFileType = sourcecode.swift; path = GameScene.swift; sourceTree = "<group>"; };
		6F3089F522601D4200877AFB /* GameViewController.swift */ = {isa = PBXFileReference; lastKnownFileType = sourcecode.swift; path = GameViewController.swift; sourceTree = "<group>"; };
		6F3089F822601D4200877AFB /* Base */ = {isa = PBXFileReference; lastKnownFileType = file.storyboard; name = Base; path = Base.lproj/Main.storyboard; sourceTree = "<group>"; };
		6F3089FA22601D4400877AFB /* Assets.xcassets */ = {isa = PBXFileReference; lastKnownFileType = folder.assetcatalog; path = Assets.xcassets; sourceTree = "<group>"; };
		6F3089FD22601D4400877AFB /* Base */ = {isa = PBXFileReference; lastKnownFileType = file.storyboard; name = Base; path = Base.lproj/LaunchScreen.storyboard; sourceTree = "<group>"; };
		6F3089FF22601D4400877AFB /* Info.plist */ = {isa = PBXFileReference; lastKnownFileType = text.plist.xml; path = Info.plist; sourceTree = "<group>"; };
		6F53E8AE2270B483002F92A1 /* Joystick.swift */ = {isa = PBXFileReference; lastKnownFileType = sourcecode.swift; path = Joystick.swift; sourceTree = "<group>"; };
		6F53E8B12270CCF3002F92A1 /* Extensions.swift */ = {isa = PBXFileReference; lastKnownFileType = sourcecode.swift; path = Extensions.swift; sourceTree = "<group>"; };
		6F53E8B52270FFF9002F92A1 /* CommandBuffer.swift */ = {isa = PBXFileReference; lastKnownFileType = sourcecode.swift; path = CommandBuffer.swift; sourceTree = "<group>"; };
		6F53E8B722711240002F92A1 /* Event.swift */ = {isa = PBXFileReference; lastKnownFileType = sourcecode.swift; path = Event.swift; sourceTree = "<group>"; };
		D276F5BC227F8BA30005ACFC /* LargeAsteroid.swift */ = {isa = PBXFileReference; lastKnownFileType = sourcecode.swift; path = LargeAsteroid.swift; sourceTree = "<group>"; };
		D294CA57227E10B500FE9831 /* Laser.swift */ = {isa = PBXFileReference; lastKnownFileType = sourcecode.swift; path = Laser.swift; sourceTree = "<group>"; };
/* End PBXFileReference section */

/* Begin PBXFrameworksBuildPhase section */
		6F3089E722601D4200877AFB /* Frameworks */ = {
			isa = PBXFrameworksBuildPhase;
			buildActionMask = 2147483647;
			files = (
				6F133025226101480097885B /* SocketIO.framework in Frameworks */,
				6F133029226101510097885B /* Starscream.framework in Frameworks */,
			);
			runOnlyForDeploymentPostprocessing = 0;
		};
/* End PBXFrameworksBuildPhase section */

/* Begin PBXGroup section */
		6F13303A226F6E800097885B /* Nodes */ = {
			isa = PBXGroup;
			children = (
				6F13303B226F6F060097885B /* Spaceship.swift */,
			);
			path = Nodes;
			sourceTree = "<group>";
		};
		6F13303D226F71DE0097885B /* Player */ = {
			isa = PBXGroup;
			children = (
				6F13303E226F71FB0097885B /* Player.swift */,
			);
			path = Player;
			sourceTree = "<group>";
		};
		6F133040226F7A120097885B /* Command */ = {
			isa = PBXGroup;
			children = (
				6F53E8B52270FFF9002F92A1 /* CommandBuffer.swift */,
			);
			path = Command;
			sourceTree = "<group>";
		};
		6F133045226F8D470097885B /* Enums */ = {
			isa = PBXGroup;
			children = (
				6F133046226F8D610097885B /* Enums.swift */,
			);
			path = Enums;
			sourceTree = "<group>";
		};
		6F133048226F8ED50097885B /* SocketData */ = {
			isa = PBXGroup;
			children = (
				6F133037226F67780097885B /* Command.swift */,
				6F133049226F8EF70097885B /* Instantiate.swift */,
				6F1BE64D2280BCBB00BBD68D /* Hit.swift */,
			);
			path = SocketData;
			sourceTree = "<group>";
		};
		6F13304F226F9CA50097885B /* Game */ = {
			isa = PBXGroup;
			children = (
				6F133043226F7B5A0097885B /* GameManager.swift */,
				6F133051226F9CE80097885B /* GameManagerDelegate.swift */,
				6F1BE64F2280D31700BBD68D /* GameSceneDelegate.swift */,
			);
			path = Game;
			sourceTree = "<group>";
		};
		6F133050226F9CC00097885B /* Network */ = {
			isa = PBXGroup;
			children = (
				6F13304B226F984D0097885B /* NetworkManager.swift */,
				6F13304D226F99890097885B /* NetworkTransform.swift */,
				6F133053226F9D850097885B /* NetworkObject.swift */,
			);
			path = Network;
			sourceTree = "<group>";
		};
		6F3089E122601D4200877AFB = {
			isa = PBXGroup;
			children = (
				6F13302E226101A60097885B /* Starscream.framework.dSYM */,
				6F13302C2261019D0097885B /* SocketIO.framework.dSYM */,
				6F133028226101510097885B /* Starscream.framework */,
				6F133024226101480097885B /* SocketIO.framework */,
				6F3089EC22601D4200877AFB /* Asteroids.io */,
				6F3089EB22601D4200877AFB /* Products */,
			);
			sourceTree = "<group>";
		};
		6F3089EB22601D4200877AFB /* Products */ = {
			isa = PBXGroup;
			children = (
				6F3089EA22601D4200877AFB /* Asteroids.io.app */,
			);
			name = Products;
			sourceTree = "<group>";
		};
		6F3089EC22601D4200877AFB /* Asteroids.io */ = {
			isa = PBXGroup;
			children = (
				D276F5BB227F83F80005ACFC /* Asteroids */,
				6F53E8B9227230BD002F92A1 /* SocketIO */,
				6F53E8B02270CCC6002F92A1 /* Extensions */,
				6F133050226F9CC00097885B /* Network */,
				6F13304F226F9CA50097885B /* Game */,
				6F133048226F8ED50097885B /* SocketData */,
				6F133045226F8D470097885B /* Enums */,
				6F133040226F7A120097885B /* Command */,
				D294CA56227E108900FE9831 /* Laser */,
				6F13303D226F71DE0097885B /* Player */,
				6F13303A226F6E800097885B /* Nodes */,
				6F3089ED22601D4200877AFB /* AppDelegate.swift */,
				6F3089EF22601D4200877AFB /* GameScene.sks */,
				6F3089F122601D4200877AFB /* Actions.sks */,
				6F3089F322601D4200877AFB /* GameScene.swift */,
				6F3089F522601D4200877AFB /* GameViewController.swift */,
				6F3089F722601D4200877AFB /* Main.storyboard */,
				6F3089FA22601D4400877AFB /* Assets.xcassets */,
				6F3089FC22601D4400877AFB /* LaunchScreen.storyboard */,
				6F3089FF22601D4400877AFB /* Info.plist */,
				6F133035226265E70097885B /* Config.swift */,
				6F53E8AE2270B483002F92A1 /* Joystick.swift */,
				6F53E8B722711240002F92A1 /* Event.swift */,
			);
			path = Asteroids.io;
			sourceTree = "<group>";
		};
		6F53E8B02270CCC6002F92A1 /* Extensions */ = {
			isa = PBXGroup;
			children = (
				6F53E8B12270CCF3002F92A1 /* Extensions.swift */,
			);
			path = Extensions;
			sourceTree = "<group>";
		};
		6F53E8B9227230BD002F92A1 /* SocketIO */ = {
			isa = PBXGroup;
			children = (
				6F133033226265040097885B /* SocketIOManager.swift */,
			);
			path = SocketIO;
			sourceTree = "<group>";
		};
		D276F5BB227F83F80005ACFC /* Asteroids */ = {
			isa = PBXGroup;
			children = (
				D276F5BC227F8BA30005ACFC /* LargeAsteroid.swift */,
			);
			path = Asteroids;
			sourceTree = "<group>";
		};
		D294CA56227E108900FE9831 /* Laser */ = {
			isa = PBXGroup;
			children = (
				D294CA57227E10B500FE9831 /* Laser.swift */,
			);
			path = Laser;
			sourceTree = "<group>";
		};
/* End PBXGroup section */

/* Begin PBXNativeTarget section */
		6F3089E922601D4200877AFB /* Asteroids.io */ = {
			isa = PBXNativeTarget;
			buildConfigurationList = 6F308A0222601D4400877AFB /* Build configuration list for PBXNativeTarget "Asteroids.io" */;
			buildPhases = (
				6F3089E622601D4200877AFB /* Sources */,
				6F3089E722601D4200877AFB /* Frameworks */,
				6F3089E822601D4200877AFB /* Resources */,
				6F133027226101480097885B /* Embed Frameworks */,
				6F13302B226101730097885B /* CopyFiles */,
				6F133030226102110097885B /* ShellScript */,
			);
			buildRules = (
			);
			dependencies = (
			);
			name = Asteroids.io;
			productName = Asteroids.io;
			productReference = 6F3089EA22601D4200877AFB /* Asteroids.io.app */;
			productType = "com.apple.product-type.application";
		};
/* End PBXNativeTarget section */

/* Begin PBXProject section */
		6F3089E222601D4200877AFB /* Project object */ = {
			isa = PBXProject;
			attributes = {
				LastSwiftUpdateCheck = 1010;
				LastUpgradeCheck = 1010;
				ORGANIZATIONNAME = cmsc436;
				TargetAttributes = {
					6F3089E922601D4200877AFB = {
						CreatedOnToolsVersion = 10.1;
					};
				};
			};
			buildConfigurationList = 6F3089E522601D4200877AFB /* Build configuration list for PBXProject "Asteroids.io" */;
			compatibilityVersion = "Xcode 9.3";
			developmentRegion = en;
			hasScannedForEncodings = 0;
			knownRegions = (
				en,
				Base,
			);
			mainGroup = 6F3089E122601D4200877AFB;
			productRefGroup = 6F3089EB22601D4200877AFB /* Products */;
			projectDirPath = "";
			projectRoot = "";
			targets = (
				6F3089E922601D4200877AFB /* Asteroids.io */,
			);
		};
/* End PBXProject section */

/* Begin PBXResourcesBuildPhase section */
		6F3089E822601D4200877AFB /* Resources */ = {
			isa = PBXResourcesBuildPhase;
			buildActionMask = 2147483647;
			files = (
				6F3089F922601D4200877AFB /* Main.storyboard in Resources */,
				6F3089F022601D4200877AFB /* GameScene.sks in Resources */,
				6F3089FB22601D4400877AFB /* Assets.xcassets in Resources */,
				6F3089FE22601D4400877AFB /* LaunchScreen.storyboard in Resources */,
				6F3089F222601D4200877AFB /* Actions.sks in Resources */,
			);
			runOnlyForDeploymentPostprocessing = 0;
		};
/* End PBXResourcesBuildPhase section */

/* Begin PBXShellScriptBuildPhase section */
		6F133030226102110097885B /* ShellScript */ = {
			isa = PBXShellScriptBuildPhase;
			buildActionMask = 8;
			files = (
			);
			inputFileListPaths = (
			);
			inputPaths = (
				"$(SRCROOT)/Carthage/Build/iOS/SocketIO.framework",
				"$(SRCROOT)/Carthage/Build/iOS/Starscream.framework",
			);
			outputFileListPaths = (
			);
			outputPaths = (
				"$(BUILT_PRODUCTS_DIR)/$(FRAMEWORKS_FOLDER_PATH)/SocketIO.framework",
				"$(BUILT_PRODUCTS_DIR)/$(FRAMEWORKS_FOLDER_PATH)/Starscream.framework",
			);
			runOnlyForDeploymentPostprocessing = 1;
			shellPath = /bin/sh;
			shellScript = "# Type a script or drag a script file from your workspace to insert its path.\n/usr/local/bin/carthage copy-frameworks\n";
		};
/* End PBXShellScriptBuildPhase section */

/* Begin PBXSourcesBuildPhase section */
		6F3089E622601D4200877AFB /* Sources */ = {
			isa = PBXSourcesBuildPhase;
			buildActionMask = 2147483647;
			files = (
				6F13304A226F8EF70097885B /* Instantiate.swift in Sources */,
				6F1BE6502280D31700BBD68D /* GameSceneDelegate.swift in Sources */,
				6F53E8B22270CCF3002F92A1 /* Extensions.swift in Sources */,
				6F133034226265040097885B /* SocketIOManager.swift in Sources */,
				6F3089F422601D4200877AFB /* GameScene.swift in Sources */,
				D294CA58227E10B500FE9831 /* Laser.swift in Sources */,
				6F13304E226F99890097885B /* NetworkTransform.swift in Sources */,
				6F13304C226F984D0097885B /* NetworkManager.swift in Sources */,
				6F53E8B822711240002F92A1 /* Event.swift in Sources */,
				6F133036226265E70097885B /* Config.swift in Sources */,
				6F1BE64E2280BCBB00BBD68D /* Hit.swift in Sources */,
				6F13303C226F6F060097885B /* Spaceship.swift in Sources */,
				D276F5BD227F8BA30005ACFC /* LargeAsteroid.swift in Sources */,
				6F53E8AF2270B483002F92A1 /* Joystick.swift in Sources */,
				6F133052226F9CE80097885B /* GameManagerDelegate.swift in Sources */,
				6F13303F226F71FB0097885B /* Player.swift in Sources */,
				6F3089F622601D4200877AFB /* GameViewController.swift in Sources */,
				6F3089EE22601D4200877AFB /* AppDelegate.swift in Sources */,
				6F133038226F67780097885B /* Command.swift in Sources */,
				6F133044226F7B5A0097885B /* GameManager.swift in Sources */,
				6F53E8B62270FFF9002F92A1 /* CommandBuffer.swift in Sources */,
				6F133047226F8D610097885B /* Enums.swift in Sources */,
				6F133054226F9D850097885B /* NetworkObject.swift in Sources */,
			);
			runOnlyForDeploymentPostprocessing = 0;
		};
/* End PBXSourcesBuildPhase section */

/* Begin PBXVariantGroup section */
		6F3089F722601D4200877AFB /* Main.storyboard */ = {
			isa = PBXVariantGroup;
			children = (
				6F3089F822601D4200877AFB /* Base */,
			);
			name = Main.storyboard;
			sourceTree = "<group>";
		};
		6F3089FC22601D4400877AFB /* LaunchScreen.storyboard */ = {
			isa = PBXVariantGroup;
			children = (
				6F3089FD22601D4400877AFB /* Base */,
			);
			name = LaunchScreen.storyboard;
			sourceTree = "<group>";
		};
/* End PBXVariantGroup section */

/* Begin XCBuildConfiguration section */
		6F308A0022601D4400877AFB /* Development */ = {
			isa = XCBuildConfiguration;
			buildSettings = {
				ALWAYS_SEARCH_USER_PATHS = NO;
				CLANG_ANALYZER_NONNULL = YES;
				CLANG_ANALYZER_NUMBER_OBJECT_CONVERSION = YES_AGGRESSIVE;
				CLANG_CXX_LANGUAGE_STANDARD = "gnu++14";
				CLANG_CXX_LIBRARY = "libc++";
				CLANG_ENABLE_MODULES = YES;
				CLANG_ENABLE_OBJC_ARC = YES;
				CLANG_ENABLE_OBJC_WEAK = YES;
				CLANG_WARN_BLOCK_CAPTURE_AUTORELEASING = YES;
				CLANG_WARN_BOOL_CONVERSION = YES;
				CLANG_WARN_COMMA = YES;
				CLANG_WARN_CONSTANT_CONVERSION = YES;
				CLANG_WARN_DEPRECATED_OBJC_IMPLEMENTATIONS = YES;
				CLANG_WARN_DIRECT_OBJC_ISA_USAGE = YES_ERROR;
				CLANG_WARN_DOCUMENTATION_COMMENTS = YES;
				CLANG_WARN_EMPTY_BODY = YES;
				CLANG_WARN_ENUM_CONVERSION = YES;
				CLANG_WARN_INFINITE_RECURSION = YES;
				CLANG_WARN_INT_CONVERSION = YES;
				CLANG_WARN_NON_LITERAL_NULL_CONVERSION = YES;
				CLANG_WARN_OBJC_IMPLICIT_RETAIN_SELF = YES;
				CLANG_WARN_OBJC_LITERAL_CONVERSION = YES;
				CLANG_WARN_OBJC_ROOT_CLASS = YES_ERROR;
				CLANG_WARN_RANGE_LOOP_ANALYSIS = YES;
				CLANG_WARN_STRICT_PROTOTYPES = YES;
				CLANG_WARN_SUSPICIOUS_MOVE = YES;
				CLANG_WARN_UNGUARDED_AVAILABILITY = YES_AGGRESSIVE;
				CLANG_WARN_UNREACHABLE_CODE = YES;
				CLANG_WARN__DUPLICATE_METHOD_MATCH = YES;
				CODE_SIGN_IDENTITY = "iPhone Developer";
				COPY_PHASE_STRIP = NO;
				DEBUG_INFORMATION_FORMAT = dwarf;
				ENABLE_STRICT_OBJC_MSGSEND = YES;
				ENABLE_TESTABILITY = YES;
				GCC_C_LANGUAGE_STANDARD = gnu11;
				GCC_DYNAMIC_NO_PIC = NO;
				GCC_NO_COMMON_BLOCKS = YES;
				GCC_OPTIMIZATION_LEVEL = 0;
				GCC_PREPROCESSOR_DEFINITIONS = (
					"DEBUG=1",
					"$(inherited)",
				);
				GCC_WARN_64_TO_32_BIT_CONVERSION = YES;
				GCC_WARN_ABOUT_RETURN_TYPE = YES_ERROR;
				GCC_WARN_UNDECLARED_SELECTOR = YES;
				GCC_WARN_UNINITIALIZED_AUTOS = YES_AGGRESSIVE;
				GCC_WARN_UNUSED_FUNCTION = YES;
				GCC_WARN_UNUSED_VARIABLE = YES;
				IPHONEOS_DEPLOYMENT_TARGET = 12.1;
				MTL_ENABLE_DEBUG_INFO = INCLUDE_SOURCE;
				MTL_FAST_MATH = YES;
				ONLY_ACTIVE_ARCH = YES;
				SDKROOT = iphoneos;
				SWIFT_ACTIVE_COMPILATION_CONDITIONS = DEBUG;
				SWIFT_OPTIMIZATION_LEVEL = "-Onone";
			};
			name = Development;
		};
		6F308A0122601D4400877AFB /* Release */ = {
			isa = XCBuildConfiguration;
			buildSettings = {
				ALWAYS_SEARCH_USER_PATHS = NO;
				CLANG_ANALYZER_NONNULL = YES;
				CLANG_ANALYZER_NUMBER_OBJECT_CONVERSION = YES_AGGRESSIVE;
				CLANG_CXX_LANGUAGE_STANDARD = "gnu++14";
				CLANG_CXX_LIBRARY = "libc++";
				CLANG_ENABLE_MODULES = YES;
				CLANG_ENABLE_OBJC_ARC = YES;
				CLANG_ENABLE_OBJC_WEAK = YES;
				CLANG_WARN_BLOCK_CAPTURE_AUTORELEASING = YES;
				CLANG_WARN_BOOL_CONVERSION = YES;
				CLANG_WARN_COMMA = YES;
				CLANG_WARN_CONSTANT_CONVERSION = YES;
				CLANG_WARN_DEPRECATED_OBJC_IMPLEMENTATIONS = YES;
				CLANG_WARN_DIRECT_OBJC_ISA_USAGE = YES_ERROR;
				CLANG_WARN_DOCUMENTATION_COMMENTS = YES;
				CLANG_WARN_EMPTY_BODY = YES;
				CLANG_WARN_ENUM_CONVERSION = YES;
				CLANG_WARN_INFINITE_RECURSION = YES;
				CLANG_WARN_INT_CONVERSION = YES;
				CLANG_WARN_NON_LITERAL_NULL_CONVERSION = YES;
				CLANG_WARN_OBJC_IMPLICIT_RETAIN_SELF = YES;
				CLANG_WARN_OBJC_LITERAL_CONVERSION = YES;
				CLANG_WARN_OBJC_ROOT_CLASS = YES_ERROR;
				CLANG_WARN_RANGE_LOOP_ANALYSIS = YES;
				CLANG_WARN_STRICT_PROTOTYPES = YES;
				CLANG_WARN_SUSPICIOUS_MOVE = YES;
				CLANG_WARN_UNGUARDED_AVAILABILITY = YES_AGGRESSIVE;
				CLANG_WARN_UNREACHABLE_CODE = YES;
				CLANG_WARN__DUPLICATE_METHOD_MATCH = YES;
				CODE_SIGN_IDENTITY = "iPhone Developer";
				COPY_PHASE_STRIP = NO;
				DEBUG_INFORMATION_FORMAT = "dwarf-with-dsym";
				ENABLE_NS_ASSERTIONS = NO;
				ENABLE_STRICT_OBJC_MSGSEND = YES;
				GCC_C_LANGUAGE_STANDARD = gnu11;
				GCC_NO_COMMON_BLOCKS = YES;
				GCC_WARN_64_TO_32_BIT_CONVERSION = YES;
				GCC_WARN_ABOUT_RETURN_TYPE = YES_ERROR;
				GCC_WARN_UNDECLARED_SELECTOR = YES;
				GCC_WARN_UNINITIALIZED_AUTOS = YES_AGGRESSIVE;
				GCC_WARN_UNUSED_FUNCTION = YES;
				GCC_WARN_UNUSED_VARIABLE = YES;
				IPHONEOS_DEPLOYMENT_TARGET = 12.1;
				MTL_ENABLE_DEBUG_INFO = NO;
				MTL_FAST_MATH = YES;
				SDKROOT = iphoneos;
				SWIFT_COMPILATION_MODE = wholemodule;
				SWIFT_OPTIMIZATION_LEVEL = "-O";
				VALIDATE_PRODUCT = YES;
			};
			name = Release;
		};
		6F308A0322601D4400877AFB /* Development */ = {
			isa = XCBuildConfiguration;
			buildSettings = {
				ASSETCATALOG_COMPILER_APPICON_NAME = AppIcon;
				CODE_SIGN_IDENTITY = "iPhone Distribution";
				CODE_SIGN_STYLE = Manual;
				DEVELOPMENT_TEAM = 5PDDE5JDL6;
				FRAMEWORK_SEARCH_PATHS = (
					"$(inherited)",
					"$(PROJECT_DIR)/Carthage/Build/iOS",
				);
				HOST_URL = "http://localhost:8000";
				INFOPLIST_FILE = Asteroids.io/Info.plist;
				LD_RUNPATH_SEARCH_PATHS = (
					"$(inherited)",
					"@executable_path/Frameworks",
				);
				PRODUCT_BUNDLE_IDENTIFIER = "cmsc436.Asteroids-io";
				PRODUCT_NAME = "$(TARGET_NAME)";
				PROVISIONING_PROFILE_SPECIFIER = Asteroids.io;
				SWIFT_VERSION = 4.2;
				TARGETED_DEVICE_FAMILY = "1,2";
			};
			name = Development;
		};
		6F308A0422601D4400877AFB /* Release */ = {
			isa = XCBuildConfiguration;
			buildSettings = {
				ASSETCATALOG_COMPILER_APPICON_NAME = AppIcon;
				CODE_SIGN_IDENTITY = "iPhone Distribution";
				CODE_SIGN_STYLE = Manual;
				DEVELOPMENT_TEAM = 5PDDE5JDL6;
				FRAMEWORK_SEARCH_PATHS = (
					"$(inherited)",
					"$(PROJECT_DIR)/Carthage/Build/iOS",
				);
				HOST_URL = "https://cmsc436-asteroids-io.herokuapp.com/";
				INFOPLIST_FILE = Asteroids.io/Info.plist;
				LD_RUNPATH_SEARCH_PATHS = (
					"$(inherited)",
					"@executable_path/Frameworks",
				);
				PRODUCT_BUNDLE_IDENTIFIER = "cmsc436.Asteroids-io";
				PRODUCT_NAME = "$(TARGET_NAME)";
				PROVISIONING_PROFILE_SPECIFIER = Asteroids.io;
				SWIFT_VERSION = 4.2;
				TARGETED_DEVICE_FAMILY = "1,2";
			};
			name = Release;
		};
/* End XCBuildConfiguration section */

/* Begin XCConfigurationList section */
		6F3089E522601D4200877AFB /* Build configuration list for PBXProject "Asteroids.io" */ = {
			isa = XCConfigurationList;
			buildConfigurations = (
				6F308A0022601D4400877AFB /* Development */,
				6F308A0122601D4400877AFB /* Release */,
			);
			defaultConfigurationIsVisible = 0;
			defaultConfigurationName = Release;
		};
		6F308A0222601D4400877AFB /* Build configuration list for PBXNativeTarget "Asteroids.io" */ = {
			isa = XCConfigurationList;
			buildConfigurations = (
				6F308A0322601D4400877AFB /* Development */,
				6F308A0422601D4400877AFB /* Release */,
			);
			defaultConfigurationIsVisible = 0;
			defaultConfigurationName = Release;
		};
/* End XCConfigurationList section */
	};
	rootObject = 6F3089E222601D4200877AFB /* Project object */;
}
